
Microsoft Visual Studio Solution File, Format Version 12.00
# Visual Studio Version 16
VisualStudioVersion = 16.0.29318.209
MinimumVisualStudioVersion = 10.0.40219.1
Project("{888888A0-9F3D-457C-B088-3A5042F75D52}") = "python stack", "python stack\python stack.pyproj", "{3CB291B7-798F-41F7-9EB1-0E628B5CF40C}"
EndProject
Global
	GlobalSection(SolutionConfigurationPlatforms) = preSolution
		Debug|Any CPU = Debug|Any CPU
		Release|Any CPU = Release|Any CPU
	EndGlobalSection
	GlobalSection(ProjectConfigurationPlatforms) = postSolution
		{3CB291B7-798F-41F7-9EB1-0E628B5CF40C}.Debug|Any CPU.ActiveCfg = Debug|Any CPU
		{3CB291B7-798F-41F7-9EB1-0E628B5CF40C}.Release|Any CPU.ActiveCfg = Release|Any CPU
	EndGlobalSection
	GlobalSection(SolutionProperties) = preSolution
		HideSolutionNode = FALSE
	EndGlobalSection
	GlobalSection(ExtensibilityGlobals) = postSolution
		SolutionGuid = {4F69FFEA-B7C5-4FCD-AC06-46938F51C0D6}
	EndGlobalSection
EndGlobal
