
Microsoft Visual Studio Solution File, Format Version 12.00
# Visual Studio Version 16
VisualStudioVersion = 16.0.29324.140
MinimumVisualStudioVersion = 10.0.40219.1
Project("{8BC9CEB8-8B4A-11D0-8D11-00A0C91BC942}") = "lab 2.5", "lab 2.5\lab 2.5.vcxproj", "{BA360714-AF15-4B4F-BF87-43B4A7605918}"
EndProject
Global
	GlobalSection(SolutionConfigurationPlatforms) = preSolution
		Debug|x64 = Debug|x64
		Debug|x86 = Debug|x86
		Release|x64 = Release|x64
		Release|x86 = Release|x86
	EndGlobalSection
	GlobalSection(ProjectConfigurationPlatforms) = postSolution
		{BA360714-AF15-4B4F-BF87-43B4A7605918}.Debug|x64.ActiveCfg = Debug|x64
		{BA360714-AF15-4B4F-BF87-43B4A7605918}.Debug|x64.Build.0 = Debug|x64
		{BA360714-AF15-4B4F-BF87-43B4A7605918}.Debug|x86.ActiveCfg = Debug|Win32
		{BA360714-AF15-4B4F-BF87-43B4A7605918}.Debug|x86.Build.0 = Debug|Win32
		{BA360714-AF15-4B4F-BF87-43B4A7605918}.Release|x64.ActiveCfg = Release|x64
		{BA360714-AF15-4B4F-BF87-43B4A7605918}.Release|x64.Build.0 = Release|x64
		{BA360714-AF15-4B4F-BF87-43B4A7605918}.Release|x86.ActiveCfg = Release|Win32
		{BA360714-AF15-4B4F-BF87-43B4A7605918}.Release|x86.Build.0 = Release|Win32
	EndGlobalSection
	GlobalSection(SolutionProperties) = preSolution
		HideSolutionNode = FALSE
	EndGlobalSection
	GlobalSection(ExtensibilityGlobals) = postSolution
		SolutionGuid = {8B70A0BF-593B-4D74-95D9-FDD60263E2C3}
	EndGlobalSection
EndGlobal
